
Microsoft Visual Studio Solution File, Format Version 12.00
# Visual Studio Version 16
VisualStudioVersion = 16.0.30711.63
MinimumVisualStudioVersion = 10.0.40219.1
Project("{2150E333-8FDC-42A3-9474-1A3956D46DE8}") = "Services", "Services", "{9EA64F47-2095-4351-81D9-512013B6B283}"
EndProject
Project("{2150E333-8FDC-42A3-9474-1A3956D46DE8}") = "Catalog", "Catalog", "{264878EC-0BAC-4358-AC1B-19193552F382}"
EndProject
Project("{9A19103F-16F7-4668-BE54-9A1E7A4F7556}") = "Catalog.API", "Services\Catalog\Catalog.API\Catalog.API.csproj", "{B1216621-3770-4A06-BC2B-0D93FD1E4DF6}"
EndProject
Project("{E53339B2-1760-4266-BCC7-CA923CBCF16C}") = "docker-compose", "docker-compose.dcproj", "{AE3B09DA-34E6-4BD2-8C17-E439B41831EE}"
EndProject
Project("{2150E333-8FDC-42A3-9474-1A3956D46DE8}") = "Basket", "Basket", "{2E007A9A-811F-4ED5-B8EC-CEA686BE001F}"
EndProject
Project("{9A19103F-16F7-4668-BE54-9A1E7A4F7556}") = "Basket.API", "Services\Basket\Basket.API\Basket.API.csproj", "{E64E2178-6FF8-4E5F-9E58-A15115846AF5}"
EndProject
Project("{2150E333-8FDC-42A3-9474-1A3956D46DE8}") = "Discount", "Discount", "{C1DEC44A-8C96-4FCD-BEC0-05F0AC1A13AE}"
EndProject
Project("{9A19103F-16F7-4668-BE54-9A1E7A4F7556}") = "Discount.API", "Services\Discount\Discount.API\Discount.API.csproj", "{8D39B2B7-9263-413E-BC3F-12A6E5AAE048}"
EndProject
Project("{9A19103F-16F7-4668-BE54-9A1E7A4F7556}") = "Discount.Grpc", "Services\Discount\Discount.Grpc\Discount.Grpc.csproj", "{F464D885-D863-4608-92FA-D2D1FD737681}"
EndProject
Project("{2150E333-8FDC-42A3-9474-1A3956D46DE8}") = "Ordering", "Ordering", "{8C563C65-B34A-4CB5-B8EB-88EC1398B280}"
EndProject
Project("{9A19103F-16F7-4668-BE54-9A1E7A4F7556}") = "Ordering.API", "Services\Ordering\Ordering.API\Ordering.API.csproj", "{53AF79B4-12DB-439F-853C-FB5E1C7F05EE}"
EndProject
Project("{9A19103F-16F7-4668-BE54-9A1E7A4F7556}") = "Ordering.Domain", "Services\Ordering\Ordering.Domain\Ordering.Domain.csproj", "{DF4862A8-E16B-4B1D-AFE3-5264E460C398}"
EndProject
Project("{9A19103F-16F7-4668-BE54-9A1E7A4F7556}") = "Ordering.Application", "Services\Ordering\Ordering.Application\Ordering.Application.csproj", "{CD19379F-F126-46A3-AC58-F40AF5E955E7}"
EndProject
Project("{9A19103F-16F7-4668-BE54-9A1E7A4F7556}") = "Ordering.Infrastructure", "Services\Ordering\Ordering.Infrastructure\Ordering.Infrastructure.csproj", "{3EB5FD26-B702-4B7E-AD17-6FCC9499D7C9}"
EndProject
Project("{2150E333-8FDC-42A3-9474-1A3956D46DE8}") = "BuildingBlocks", "BuildingBlocks", "{B00EC4CB-2A54-40EC-AD41-649736B755F7}"
EndProject
Project("{FAE04EC0-301F-11D3-BF4B-00C04F79EFBC}") = "EventBus.Messages", "BuildingBlocks\EventBus.Messages\EventBus.Messages.csproj", "{6E11CE18-B6EB-460D-8807-41EA44EDB84E}"
EndProject
Global
	GlobalSection(SolutionConfigurationPlatforms) = preSolution
		Debug|Any CPU = Debug|Any CPU
		Release|Any CPU = Release|Any CPU
	EndGlobalSection
	GlobalSection(ProjectConfigurationPlatforms) = postSolution
		{B1216621-3770-4A06-BC2B-0D93FD1E4DF6}.Debug|Any CPU.ActiveCfg = Debug|Any CPU
		{B1216621-3770-4A06-BC2B-0D93FD1E4DF6}.Debug|Any CPU.Build.0 = Debug|Any CPU
		{B1216621-3770-4A06-BC2B-0D93FD1E4DF6}.Release|Any CPU.ActiveCfg = Release|Any CPU
		{B1216621-3770-4A06-BC2B-0D93FD1E4DF6}.Release|Any CPU.Build.0 = Release|Any CPU
		{AE3B09DA-34E6-4BD2-8C17-E439B41831EE}.Debug|Any CPU.ActiveCfg = Debug|Any CPU
		{AE3B09DA-34E6-4BD2-8C17-E439B41831EE}.Debug|Any CPU.Build.0 = Debug|Any CPU
		{AE3B09DA-34E6-4BD2-8C17-E439B41831EE}.Release|Any CPU.ActiveCfg = Release|Any CPU
		{AE3B09DA-34E6-4BD2-8C17-E439B41831EE}.Release|Any CPU.Build.0 = Release|Any CPU
		{E64E2178-6FF8-4E5F-9E58-A15115846AF5}.Debug|Any CPU.ActiveCfg = Debug|Any CPU
		{E64E2178-6FF8-4E5F-9E58-A15115846AF5}.Debug|Any CPU.Build.0 = Debug|Any CPU
		{E64E2178-6FF8-4E5F-9E58-A15115846AF5}.Release|Any CPU.ActiveCfg = Release|Any CPU
		{E64E2178-6FF8-4E5F-9E58-A15115846AF5}.Release|Any CPU.Build.0 = Release|Any CPU
		{8D39B2B7-9263-413E-BC3F-12A6E5AAE048}.Debug|Any CPU.ActiveCfg = Debug|Any CPU
		{8D39B2B7-9263-413E-BC3F-12A6E5AAE048}.Debug|Any CPU.Build.0 = Debug|Any CPU
		{8D39B2B7-9263-413E-BC3F-12A6E5AAE048}.Release|Any CPU.ActiveCfg = Release|Any CPU
		{8D39B2B7-9263-413E-BC3F-12A6E5AAE048}.Release|Any CPU.Build.0 = Release|Any CPU
		{F464D885-D863-4608-92FA-D2D1FD737681}.Debug|Any CPU.ActiveCfg = Debug|Any CPU
		{F464D885-D863-4608-92FA-D2D1FD737681}.Debug|Any CPU.Build.0 = Debug|Any CPU
		{F464D885-D863-4608-92FA-D2D1FD737681}.Release|Any CPU.ActiveCfg = Release|Any CPU
		{F464D885-D863-4608-92FA-D2D1FD737681}.Release|Any CPU.Build.0 = Release|Any CPU
		{53AF79B4-12DB-439F-853C-FB5E1C7F05EE}.Debug|Any CPU.ActiveCfg = Debug|Any CPU
		{53AF79B4-12DB-439F-853C-FB5E1C7F05EE}.Debug|Any CPU.Build.0 = Debug|Any CPU
		{53AF79B4-12DB-439F-853C-FB5E1C7F05EE}.Release|Any CPU.ActiveCfg = Release|Any CPU
		{53AF79B4-12DB-439F-853C-FB5E1C7F05EE}.Release|Any CPU.Build.0 = Release|Any CPU
		{DF4862A8-E16B-4B1D-AFE3-5264E460C398}.Debug|Any CPU.ActiveCfg = Debug|Any CPU
		{DF4862A8-E16B-4B1D-AFE3-5264E460C398}.Debug|Any CPU.Build.0 = Debug|Any CPU
		{DF4862A8-E16B-4B1D-AFE3-5264E460C398}.Release|Any CPU.ActiveCfg = Release|Any CPU
		{DF4862A8-E16B-4B1D-AFE3-5264E460C398}.Release|Any CPU.Build.0 = Release|Any CPU
		{CD19379F-F126-46A3-AC58-F40AF5E955E7}.Debug|Any CPU.ActiveCfg = Debug|Any CPU
		{CD19379F-F126-46A3-AC58-F40AF5E955E7}.Debug|Any CPU.Build.0 = Debug|Any CPU
		{CD19379F-F126-46A3-AC58-F40AF5E955E7}.Release|Any CPU.ActiveCfg = Release|Any CPU
		{CD19379F-F126-46A3-AC58-F40AF5E955E7}.Release|Any CPU.Build.0 = Release|Any CPU
		{3EB5FD26-B702-4B7E-AD17-6FCC9499D7C9}.Debug|Any CPU.ActiveCfg = Debug|Any CPU
		{3EB5FD26-B702-4B7E-AD17-6FCC9499D7C9}.Debug|Any CPU.Build.0 = Debug|Any CPU
		{3EB5FD26-B702-4B7E-AD17-6FCC9499D7C9}.Release|Any CPU.ActiveCfg = Release|Any CPU
		{3EB5FD26-B702-4B7E-AD17-6FCC9499D7C9}.Release|Any CPU.Build.0 = Release|Any CPU
		{6E11CE18-B6EB-460D-8807-41EA44EDB84E}.Debug|Any CPU.ActiveCfg = Debug|Any CPU
		{6E11CE18-B6EB-460D-8807-41EA44EDB84E}.Debug|Any CPU.Build.0 = Debug|Any CPU
		{6E11CE18-B6EB-460D-8807-41EA44EDB84E}.Release|Any CPU.ActiveCfg = Release|Any CPU
		{6E11CE18-B6EB-460D-8807-41EA44EDB84E}.Release|Any CPU.Build.0 = Release|Any CPU
	EndGlobalSection
	GlobalSection(SolutionProperties) = preSolution
		HideSolutionNode = FALSE
	EndGlobalSection
	GlobalSection(NestedProjects) = preSolution
		{264878EC-0BAC-4358-AC1B-19193552F382} = {9EA64F47-2095-4351-81D9-512013B6B283}
		{B1216621-3770-4A06-BC2B-0D93FD1E4DF6} = {264878EC-0BAC-4358-AC1B-19193552F382}
		{2E007A9A-811F-4ED5-B8EC-CEA686BE001F} = {9EA64F47-2095-4351-81D9-512013B6B283}
		{E64E2178-6FF8-4E5F-9E58-A15115846AF5} = {2E007A9A-811F-4ED5-B8EC-CEA686BE001F}
		{C1DEC44A-8C96-4FCD-BEC0-05F0AC1A13AE} = {9EA64F47-2095-4351-81D9-512013B6B283}
		{8D39B2B7-9263-413E-BC3F-12A6E5AAE048} = {C1DEC44A-8C96-4FCD-BEC0-05F0AC1A13AE}
		{F464D885-D863-4608-92FA-D2D1FD737681} = {C1DEC44A-8C96-4FCD-BEC0-05F0AC1A13AE}
		{8C563C65-B34A-4CB5-B8EB-88EC1398B280} = {9EA64F47-2095-4351-81D9-512013B6B283}
		{53AF79B4-12DB-439F-853C-FB5E1C7F05EE} = {8C563C65-B34A-4CB5-B8EB-88EC1398B280}
		{DF4862A8-E16B-4B1D-AFE3-5264E460C398} = {8C563C65-B34A-4CB5-B8EB-88EC1398B280}
		{CD19379F-F126-46A3-AC58-F40AF5E955E7} = {8C563C65-B34A-4CB5-B8EB-88EC1398B280}
		{3EB5FD26-B702-4B7E-AD17-6FCC9499D7C9} = {8C563C65-B34A-4CB5-B8EB-88EC1398B280}
		{6E11CE18-B6EB-460D-8807-41EA44EDB84E} = {B00EC4CB-2A54-40EC-AD41-649736B755F7}
	EndGlobalSection
	GlobalSection(ExtensibilityGlobals) = postSolution
		SolutionGuid = {2F0473CC-2900-4946-9E68-EFAFB31B0B0B}
	EndGlobalSection
EndGlobal
